hash: 6ad4f3810e58bb416a873f142eeaf25deb574eaa080a4d4eacf9b7bf664f979e
updated: 2019-05-25T15:15:09.654431-07:00
imports:
- name: github.com/netlify/netlify-commons
  version: b301cf8da00d21c4487264939a55c527ef74e522
- name: gopkg.in/alexcesaro/quotedprintable.v3
  version: 2caba252f4dc53eaf6b553000885530023f54623
- name: gopkg.in/gomail.v2
  version: 41f3572897373c5538c50a2402db15db079fa4fd
testImports: []
