hash: b0f6dc907198935bbfa9d2d36e35b55707854706a0b09e6a01604b7183c92d36
updated: 2019-05-31T09:20:17.42323-07:00
imports:
- name: github.com/konsorten/go-windows-terminal-sequences
  version: f55edac94c9bbba5d6182a4be46d86a2c9b5b50e
- name: github.com/netlify/netlify-commons
  version: 555ac538b49205d105f266c64b8f15eeaed44788
  subpackages:
  - http
- name: github.com/sirupsen/logrus
  version: 839c75faf7f98a33d445d181f3018b5c3409a45e
- name: golang.org/x/sys
  version: c432e742b0af385916e013f6a34e9e73d139cf82
  subpackages:
  - unix
- name: gopkg.in/alexcesaro/quotedprintable.v3
  version: 2caba252f4dc53eaf6b553000885530023f54623
- name: gopkg.in/gomail.v2
  version: 41f3572897373c5538c50a2402db15db079fa4fd
testImports: []
